
Microsoft Visual Studio Solution File, Format Version 12.00
# Visual Studio Version 17
VisualStudioVersion = 17.11.35312.102
MinimumVisualStudioVersion = 10.0.40219.1
Project("{FAE04EC0-301F-11D3-BF4B-00C04F79EFBC}") = "PS_03_LEAPYEAR", "PS_03_LEAPYEAR.csproj", "{8428E3DC-6A00-4546-9B8F-F786E852B2E6}"
EndProject
Global
	GlobalSection(SolutionConfigurationPlatforms) = preSolution
		Debug|Any CPU = Debug|Any CPU
		Release|Any CPU = Release|Any CPU
	EndGlobalSection
	GlobalSection(ProjectConfigurationPlatforms) = postSolution
		{8428E3DC-6A00-4546-9B8F-F786E852B2E6}.Debug|Any CPU.ActiveCfg = Debug|Any CPU
		{8428E3DC-6A00-4546-9B8F-F786E852B2E6}.Debug|Any CPU.Build.0 = Debug|Any CPU
		{8428E3DC-6A00-4546-9B8F-F786E852B2E6}.Release|Any CPU.ActiveCfg = Release|Any CPU
		{8428E3DC-6A00-4546-9B8F-F786E852B2E6}.Release|Any CPU.Build.0 = Release|Any CPU
	EndGlobalSection
	GlobalSection(SolutionProperties) = preSolution
		HideSolutionNode = FALSE
	EndGlobalSection
	GlobalSection(ExtensibilityGlobals) = postSolution
		SolutionGuid = {53BFA323-E74C-414D-8972-7C93B5B78A3F}
	EndGlobalSection
EndGlobal
